
Microsoft Visual Studio Solution File, Format Version 12.00
# Visual Studio 2012
Project("{FAE04EC0-301F-11D3-BF4B-00C04F79EFBC}") = "DefiningClassPartTwo", "DefiningClassPartTwo\DefiningClassPartTwo.csproj", "{C5845F3D-D29D-4970-AE8A-EFC8CD104CB0}"
EndProject
Project("{FAE04EC0-301F-11D3-BF4B-00C04F79EFBC}") = "Generics", "Generics\Generics.csproj", "{EF28090F-0B41-47CA-8731-102C755DBEA9}"
EndProject
Project("{FAE04EC0-301F-11D3-BF4B-00C04F79EFBC}") = "Matrix", "Matrix\Matrix.csproj", "{CA0FB30B-148B-4F63-A3CB-237AF1E44463}"
EndProject
Global
	GlobalSection(SolutionConfigurationPlatforms) = preSolution
		Debug|Any CPU = Debug|Any CPU
		Release|Any CPU = Release|Any CPU
	EndGlobalSection
	GlobalSection(ProjectConfigurationPlatforms) = postSolution
		{C5845F3D-D29D-4970-AE8A-EFC8CD104CB0}.Debug|Any CPU.ActiveCfg = Debug|Any CPU
		{C5845F3D-D29D-4970-AE8A-EFC8CD104CB0}.Debug|Any CPU.Build.0 = Debug|Any CPU
		{C5845F3D-D29D-4970-AE8A-EFC8CD104CB0}.Release|Any CPU.ActiveCfg = Release|Any CPU
		{C5845F3D-D29D-4970-AE8A-EFC8CD104CB0}.Release|Any CPU.Build.0 = Release|Any CPU
		{EF28090F-0B41-47CA-8731-102C755DBEA9}.Debug|Any CPU.ActiveCfg = Debug|Any CPU
		{EF28090F-0B41-47CA-8731-102C755DBEA9}.Debug|Any CPU.Build.0 = Debug|Any CPU
		{EF28090F-0B41-47CA-8731-102C755DBEA9}.Release|Any CPU.ActiveCfg = Release|Any CPU
		{EF28090F-0B41-47CA-8731-102C755DBEA9}.Release|Any CPU.Build.0 = Release|Any CPU
		{CA0FB30B-148B-4F63-A3CB-237AF1E44463}.Debug|Any CPU.ActiveCfg = Debug|Any CPU
		{CA0FB30B-148B-4F63-A3CB-237AF1E44463}.Debug|Any CPU.Build.0 = Debug|Any CPU
		{CA0FB30B-148B-4F63-A3CB-237AF1E44463}.Release|Any CPU.ActiveCfg = Release|Any CPU
		{CA0FB30B-148B-4F63-A3CB-237AF1E44463}.Release|Any CPU.Build.0 = Release|Any CPU
	EndGlobalSection
	GlobalSection(SolutionProperties) = preSolution
		HideSolutionNode = FALSE
	EndGlobalSection
EndGlobal
